
Microsoft Visual Studio Solution File, Format Version 12.00
# Visual Studio Version 16
VisualStudioVersion = 16.0.31515.178
MinimumVisualStudioVersion = 10.0.40219.1
Project("{FAE04EC0-301F-11D3-BF4B-00C04F79EFBC}") = "BilgiGüvenliğiKriptolojiFinalProje", "BilgiGüvenliğiKriptolojiFinalProje\BilgiGüvenliğiKriptolojiFinalProje.csproj", "{20E959BC-1106-4898-A592-5826A7326A48}"
EndProject
Global
	GlobalSection(SolutionConfigurationPlatforms) = preSolution
		Debug|Any CPU = Debug|Any CPU
		Release|Any CPU = Release|Any CPU
	EndGlobalSection
	GlobalSection(ProjectConfigurationPlatforms) = postSolution
		{20E959BC-1106-4898-A592-5826A7326A48}.Debug|Any CPU.ActiveCfg = Debug|Any CPU
		{20E959BC-1106-4898-A592-5826A7326A48}.Debug|Any CPU.Build.0 = Debug|Any CPU
		{20E959BC-1106-4898-A592-5826A7326A48}.Release|Any CPU.ActiveCfg = Release|Any CPU
		{20E959BC-1106-4898-A592-5826A7326A48}.Release|Any CPU.Build.0 = Release|Any CPU
	EndGlobalSection
	GlobalSection(SolutionProperties) = preSolution
		HideSolutionNode = FALSE
	EndGlobalSection
	GlobalSection(ExtensibilityGlobals) = postSolution
		SolutionGuid = {E66C9B15-C18A-4FA3-B0EF-4F8AA5857E3C}
	EndGlobalSection
EndGlobal
